
Microsoft Visual Studio Solution File, Format Version 12.00
# Visual Studio Version 17
VisualStudioVersion = 17.2.32630.192
MinimumVisualStudioVersion = 10.0.40219.1
Project("{FAE04EC0-301F-11D3-BF4B-00C04F79EFBC}") = "DotNetSession1", "DotNetSession1\DotNetSession1.csproj", "{9CA44029-659E-4627-A7EC-8CAD59662F3B}"
EndProject
Project("{FAE04EC0-301F-11D3-BF4B-00C04F79EFBC}") = "FindLengthTest", "FindLengthTest\FindLengthTest.csproj", "{57B5689C-5191-45D3-8C13-25FABA08D7A8}"
EndProject
Global
	GlobalSection(SolutionConfigurationPlatforms) = preSolution
		Debug|Any CPU = Debug|Any CPU
		Release|Any CPU = Release|Any CPU
	EndGlobalSection
	GlobalSection(ProjectConfigurationPlatforms) = postSolution
		{9CA44029-659E-4627-A7EC-8CAD59662F3B}.Debug|Any CPU.ActiveCfg = Debug|Any CPU
		{9CA44029-659E-4627-A7EC-8CAD59662F3B}.Debug|Any CPU.Build.0 = Debug|Any CPU
		{9CA44029-659E-4627-A7EC-8CAD59662F3B}.Release|Any CPU.ActiveCfg = Release|Any CPU
		{9CA44029-659E-4627-A7EC-8CAD59662F3B}.Release|Any CPU.Build.0 = Release|Any CPU
		{57B5689C-5191-45D3-8C13-25FABA08D7A8}.Debug|Any CPU.ActiveCfg = Debug|Any CPU
		{57B5689C-5191-45D3-8C13-25FABA08D7A8}.Debug|Any CPU.Build.0 = Debug|Any CPU
		{57B5689C-5191-45D3-8C13-25FABA08D7A8}.Release|Any CPU.ActiveCfg = Release|Any CPU
		{57B5689C-5191-45D3-8C13-25FABA08D7A8}.Release|Any CPU.Build.0 = Release|Any CPU
	EndGlobalSection
	GlobalSection(SolutionProperties) = preSolution
		HideSolutionNode = FALSE
	EndGlobalSection
	GlobalSection(ExtensibilityGlobals) = postSolution
		SolutionGuid = {B53BCBFD-9544-4D18-BDE6-11EEAB76C748}
	EndGlobalSection
EndGlobal
